// !$*UTF8*$!
{
	archiveVersion = 1;
	classes = {
	};
	objectVersion = 46;
	objects = {

/* Begin PBXBuildFile section */
		3A47BD641CCD5F9E0073D8E8 /* ConversionViewController.swift in Sources */ = {isa = PBXBuildFile; fileRef = 3A47BD631CCD5F9E0073D8E8 /* ConversionViewController.swift */; };
		3A50755C1C86525600CC6860 /* Calculator.ttf in Resources */ = {isa = PBXBuildFile; fileRef = 3A50755B1C86525600CC6860 /* Calculator.ttf */; };
		3A5AD0351CB9B3CF00F1EB27 /* CoreTelephony.framework in Frameworks */ = {isa = PBXBuildFile; fileRef = 3A5AD0341CB9B3CF00F1EB27 /* CoreTelephony.framework */; };
		3A5AD0371CB9B3F400F1EB27 /* SystemConfiguration.framework in Frameworks */ = {isa = PBXBuildFile; fileRef = 3A5AD0361CB9B3F400F1EB27 /* SystemConfiguration.framework */; };
		3AD7E3D61C72961500502023 /* AppDelegate.swift in Sources */ = {isa = PBXBuildFile; fileRef = 3AD7E3D51C72961500502023 /* AppDelegate.swift */; };
		3AD7E3D81C72961500502023 /* ViewController.swift in Sources */ = {isa = PBXBuildFile; fileRef = 3AD7E3D71C72961500502023 /* ViewController.swift */; };
		3AD7E3DB1C72961500502023 /* Main.storyboard in Resources */ = {isa = PBXBuildFile; fileRef = 3AD7E3D91C72961500502023 /* Main.storyboard */; };
		3AD7E3DD1C72961500502023 /* Assets.xcassets in Resources */ = {isa = PBXBuildFile; fileRef = 3AD7E3DC1C72961500502023 /* Assets.xcassets */; };
		3AD7E3E01C72961500502023 /* LaunchScreen.storyboard in Resources */ = {isa = PBXBuildFile; fileRef = 3AD7E3DE1C72961500502023 /* LaunchScreen.storyboard */; };
/* End PBXBuildFile section */

/* Begin PBXFileReference section */
		3A47BD631CCD5F9E0073D8E8 /* ConversionViewController.swift */ = {isa = PBXFileReference; fileEncoding = 4; lastKnownFileType = sourcecode.swift; path = ConversionViewController.swift; sourceTree = "<group>"; };
		3A50755B1C86525600CC6860 /* Calculator.ttf */ = {isa = PBXFileReference; lastKnownFileType = file; path = Calculator.ttf; sourceTree = "<group>"; };
		3A5AD0341CB9B3CF00F1EB27 /* CoreTelephony.framework */ = {isa = PBXFileReference; lastKnownFileType = wrapper.framework; name = CoreTelephony.framework; path = System/Library/Frameworks/CoreTelephony.framework; sourceTree = SDKROOT; };
		3A5AD0361CB9B3F400F1EB27 /* SystemConfiguration.framework */ = {isa = PBXFileReference; lastKnownFileType = wrapper.framework; name = SystemConfiguration.framework; path = System/Library/Frameworks/SystemConfiguration.framework; sourceTree = SDKROOT; };
		3AD7E3D21C72961500502023 /* Metric Time.app */ = {isa = PBXFileReference; explicitFileType = wrapper.application; includeInIndex = 0; path = "Metric Time.app"; sourceTree = BUILT_PRODUCTS_DIR; };
		3AD7E3D51C72961500502023 /* AppDelegate.swift */ = {isa = PBXFileReference; lastKnownFileType = sourcecode.swift; path = AppDelegate.swift; sourceTree = "<group>"; };
		3AD7E3D71C72961500502023 /* ViewController.swift */ = {isa = PBXFileReference; lastKnownFileType = sourcecode.swift; path = ViewController.swift; sourceTree = "<group>"; };
		3AD7E3DA1C72961500502023 /* Base */ = {isa = PBXFileReference; lastKnownFileType = file.storyboard; name = Base; path = Base.lproj/Main.storyboard; sourceTree = "<group>"; };
		3AD7E3DC1C72961500502023 /* Assets.xcassets */ = {isa = PBXFileReference; lastKnownFileType = folder.assetcatalog; path = Assets.xcassets; sourceTree = "<group>"; };
		3AD7E3DF1C72961500502023 /* Base */ = {isa = PBXFileReference; lastKnownFileType = file.storyboard; name = Base; path = Base.lproj/LaunchScreen.storyboard; sourceTree = "<group>"; };
		3AD7E3E11C72961500502023 /* Info.plist */ = {isa = PBXFileReference; lastKnownFileType = text.plist.xml; path = Info.plist; sourceTree = "<group>"; };
/* End PBXFileReference section */

/* Begin PBXFrameworksBuildPhase section */
		3AD7E3CF1C72961500502023 /* Frameworks */ = {
			isa = PBXFrameworksBuildPhase;
			buildActionMask = 2147483647;
			files = (
				3A5AD0371CB9B3F400F1EB27 /* SystemConfiguration.framework in Frameworks */,
				3A5AD0351CB9B3CF00F1EB27 /* CoreTelephony.framework in Frameworks */,
			);
			runOnlyForDeploymentPostprocessing = 0;
		};
/* End PBXFrameworksBuildPhase section */

/* Begin PBXGroup section */
		3A5AD0311CB9B22100F1EB27 /* Frameworks */ = {
			isa = PBXGroup;
			children = (
				3A5AD0341CB9B3CF00F1EB27 /* CoreTelephony.framework */,
				3A5AD0361CB9B3F400F1EB27 /* SystemConfiguration.framework */,
			);
			name = Frameworks;
			path = "Metric Time";
			sourceTree = "<group>";
		};
		3AD7E3C91C72961500502023 = {
			isa = PBXGroup;
			children = (
				3AD7E3D41C72961500502023 /* Metric Time */,
				3A5AD0311CB9B22100F1EB27 /* Frameworks */,
				3AD7E3D31C72961500502023 /* Products */,
			);
			sourceTree = "<group>";
		};
		3AD7E3D31C72961500502023 /* Products */ = {
			isa = PBXGroup;
			children = (
				3AD7E3D21C72961500502023 /* Metric Time.app */,
			);
			name = Products;
			sourceTree = "<group>";
		};
		3AD7E3D41C72961500502023 /* Metric Time */ = {
			isa = PBXGroup;
			children = (
				3AD7E3D51C72961500502023 /* AppDelegate.swift */,
				3AD7E3D71C72961500502023 /* ViewController.swift */,
				3A47BD631CCD5F9E0073D8E8 /* ConversionViewController.swift */,
				3AD7E3D91C72961500502023 /* Main.storyboard */,
				3AD7E3DC1C72961500502023 /* Assets.xcassets */,
				3AD7E3DE1C72961500502023 /* LaunchScreen.storyboard */,
				3A50755B1C86525600CC6860 /* Calculator.ttf */,
				3AD7E3E11C72961500502023 /* Info.plist */,
			);
			path = "Metric Time";
			sourceTree = "<group>";
		};
/* End PBXGroup section */

/* Begin PBXNativeTarget section */
		3AD7E3D11C72961500502023 /* Metric Time */ = {
			isa = PBXNativeTarget;
			buildConfigurationList = 3AD7E3FA1C72961500502023 /* Build configuration list for PBXNativeTarget "Metric Time" */;
			buildPhases = (
				3AD7E3CE1C72961500502023 /* Sources */,
				3AD7E3CF1C72961500502023 /* Frameworks */,
				3AD7E3D01C72961500502023 /* Resources */,
			);
			buildRules = (
			);
			dependencies = (
			);
			name = "Metric Time";
			productName = "Metric Time";
			productReference = 3AD7E3D21C72961500502023 /* Metric Time.app */;
			productType = "com.apple.product-type.application";
		};
/* End PBXNativeTarget section */

/* Begin PBXProject section */
		3AD7E3CA1C72961500502023 /* Project object */ = {
			isa = PBXProject;
			attributes = {
				LastSwiftUpdateCheck = 0720;
				LastUpgradeCheck = 0800;
				ORGANIZATIONNAME = "Adrian Edwards";
				TargetAttributes = {
					3AD7E3D11C72961500502023 = {
						CreatedOnToolsVersion = 7.2.1;
						DevelopmentTeam = UJPCPV3425;
						LastSwiftMigration = 0800;
					};
				};
			};
			buildConfigurationList = 3AD7E3CD1C72961500502023 /* Build configuration list for PBXProject "Metric Time" */;
			compatibilityVersion = "Xcode 3.2";
			developmentRegion = English;
			hasScannedForEncodings = 0;
			knownRegions = (
				en,
				Base,
			);
			mainGroup = 3AD7E3C91C72961500502023;
			productRefGroup = 3AD7E3D31C72961500502023 /* Products */;
			projectDirPath = "";
			projectRoot = "";
			targets = (
				3AD7E3D11C72961500502023 /* Metric Time */,
			);
		};
/* End PBXProject section */

/* Begin PBXResourcesBuildPhase section */
		3AD7E3D01C72961500502023 /* Resources */ = {
			isa = PBXResourcesBuildPhase;
			buildActionMask = 2147483647;
			files = (
				3A50755C1C86525600CC6860 /* Calculator.ttf in Resources */,
				3AD7E3E01C72961500502023 /* LaunchScreen.storyboard in Resources */,
				3AD7E3DD1C72961500502023 /* Assets.xcassets in Resources */,
				3AD7E3DB1C72961500502023 /* Main.storyboard in Resources */,
			);
			runOnlyForDeploymentPostprocessing = 0;
		};
/* End PBXResourcesBuildPhase section */

/* Begin PBXSourcesBuildPhase section */
		3AD7E3CE1C72961500502023 /* Sources */ = {
			isa = PBXSourcesBuildPhase;
			buildActionMask = 2147483647;
			files = (
				3AD7E3D81C72961500502023 /* ViewController.swift in Sources */,
				3A47BD641CCD5F9E0073D8E8 /* ConversionViewController.swift in Sources */,
				3AD7E3D61C72961500502023 /* AppDelegate.swift in Sources */,
			);
			runOnlyForDeploymentPostprocessing = 0;
		};
/* End PBXSourcesBuildPhase section */

/* Begin PBXVariantGroup section */
		3AD7E3D91C72961500502023 /* Main.storyboard */ = {
			isa = PBXVariantGroup;
			children = (
				3AD7E3DA1C72961500502023 /* Base */,
			);
			name = Main.storyboard;
			sourceTree = "<group>";
		};
		3AD7E3DE1C72961500502023 /* LaunchScreen.storyboard */ = {
			isa = PBXVariantGroup;
			children = (
				3AD7E3DF1C72961500502023 /* Base */,
			);
			name = LaunchScreen.storyboard;
			sourceTree = "<group>";
		};
/* End PBXVariantGroup section */

/* Begin XCBuildConfiguration section */
		3AD7E3F81C72961500502023 /* Debug */ = {
			isa = XCBuildConfiguration;
			buildSettings = {
				ALWAYS_SEARCH_USER_PATHS = NO;
				CLANG_CXX_LANGUAGE_STANDARD = "gnu++0x";
				CLANG_CXX_LIBRARY = "libc++";
				CLANG_ENABLE_MODULES = YES;
				CLANG_ENABLE_OBJC_ARC = YES;
				CLANG_WARN_BOOL_CONVERSION = YES;
				CLANG_WARN_CONSTANT_CONVERSION = YES;
				CLANG_WARN_DIRECT_OBJC_ISA_USAGE = YES_ERROR;
				CLANG_WARN_EMPTY_BODY = YES;
				CLANG_WARN_ENUM_CONVERSION = YES;
				CLANG_WARN_INFINITE_RECURSION = YES;
				CLANG_WARN_INT_CONVERSION = YES;
				CLANG_WARN_OBJC_ROOT_CLASS = YES_ERROR;
				CLANG_WARN_SUSPICIOUS_MOVE = YES;
				CLANG_WARN_UNREACHABLE_CODE = YES;
				CLANG_WARN__DUPLICATE_METHOD_MATCH = YES;
				"CODE_SIGN_IDENTITY[sdk=iphoneos*]" = "iPhone Developer";
				COPY_PHASE_STRIP = NO;
				DEBUG_INFORMATION_FORMAT = dwarf;
				ENABLE_STRICT_OBJC_MSGSEND = YES;
				ENABLE_TESTABILITY = YES;
				GCC_C_LANGUAGE_STANDARD = gnu99;
				GCC_DYNAMIC_NO_PIC = NO;
				GCC_NO_COMMON_BLOCKS = YES;
				GCC_OPTIMIZATION_LEVEL = 0;
				GCC_PREPROCESSOR_DEFINITIONS = (
					"DEBUG=1",
					"$(inherited)",
				);
				GCC_WARN_64_TO_32_BIT_CONVERSION = YES;
				GCC_WARN_ABOUT_RETURN_TYPE = YES_ERROR;
				GCC_WARN_UNDECLARED_SELECTOR = YES;
				GCC_WARN_UNINITIALIZED_AUTOS = YES_AGGRESSIVE;
				GCC_WARN_UNUSED_FUNCTION = YES;
				GCC_WARN_UNUSED_VARIABLE = YES;
				IPHONEOS_DEPLOYMENT_TARGET = 9.2;
				MTL_ENABLE_DEBUG_INFO = YES;
				ONLY_ACTIVE_ARCH = YES;
				SDKROOT = iphoneos;
				SWIFT_OPTIMIZATION_LEVEL = "-Onone";
				TARGETED_DEVICE_FAMILY = "1,2";
			};
			name = Debug;
		};
		3AD7E3F91C72961500502023 /* Release */ = {
			isa = XCBuildConfiguration;
			buildSettings = {
				ALWAYS_SEARCH_USER_PATHS = NO;
				CLANG_CXX_LANGUAGE_STANDARD = "gnu++0x";
				CLANG_CXX_LIBRARY = "libc++";
				CLANG_ENABLE_MODULES = YES;
				CLANG_ENABLE_OBJC_ARC = YES;
				CLANG_WARN_BOOL_CONVERSION = YES;
				CLANG_WARN_CONSTANT_CONVERSION = YES;
				CLANG_WARN_DIRECT_OBJC_ISA_USAGE = YES_ERROR;
				CLANG_WARN_EMPTY_BODY = YES;
				CLANG_WARN_ENUM_CONVERSION = YES;
				CLANG_WARN_INFINITE_RECURSION = YES;
				CLANG_WARN_INT_CONVERSION = YES;
				CLANG_WARN_OBJC_ROOT_CLASS = YES_ERROR;
				CLANG_WARN_SUSPICIOUS_MOVE = YES;
				CLANG_WARN_UNREACHABLE_CODE = YES;
				CLANG_WARN__DUPLICATE_METHOD_MATCH = YES;
				"CODE_SIGN_IDENTITY[sdk=iphoneos*]" = "iPhone Developer";
				COPY_PHASE_STRIP = NO;
				DEBUG_INFORMATION_FORMAT = "dwarf-with-dsym";
				ENABLE_NS_ASSERTIONS = NO;
				ENABLE_STRICT_OBJC_MSGSEND = YES;
				GCC_C_LANGUAGE_STANDARD = gnu99;
				GCC_NO_COMMON_BLOCKS = YES;
				GCC_WARN_64_TO_32_BIT_CONVERSION = YES;
				GCC_WARN_ABOUT_RETURN_TYPE = YES_ERROR;
				GCC_WARN_UNDECLARED_SELECTOR = YES;
				GCC_WARN_UNINITIALIZED_AUTOS = YES_AGGRESSIVE;
				GCC_WARN_UNUSED_FUNCTION = YES;
				GCC_WARN_UNUSED_VARIABLE = YES;
				IPHONEOS_DEPLOYMENT_TARGET = 9.2;
				MTL_ENABLE_DEBUG_INFO = NO;
				SDKROOT = iphoneos;
				SWIFT_OPTIMIZATION_LEVEL = "-Owholemodule";
				TARGETED_DEVICE_FAMILY = "1,2";
				VALIDATE_PRODUCT = YES;
			};
			name = Release;
		};
		3AD7E3FB1C72961500502023 /* Debug */ = {
			isa = XCBuildConfiguration;
			buildSettings = {
				ASSETCATALOG_COMPILER_APPICON_NAME = AppIcon;
				CODE_SIGN_IDENTITY = "iPhone Developer";
				DEVELOPMENT_TEAM = UJPCPV3425;
				FRAMEWORK_SEARCH_PATHS = (
					"$(inherited)",
					"$(PROJECT_DIR)/Metric",
					Time,
					"$(PROJECT_DIR)/Metric",
					Time,
					"$(PROJECT_DIR)",
				);
				INFOPLIST_FILE = "Metric Time/Info.plist";
				IPHONEOS_DEPLOYMENT_TARGET = 9.0;
				LD_RUNPATH_SEARCH_PATHS = "$(inherited) @executable_path/Frameworks";
				PRODUCT_BUNDLE_IDENTIFIER = "com.adriancedwards.Metric-Time";
				PRODUCT_NAME = "$(TARGET_NAME)";
				SWIFT_VERSION = 3.0;
			};
			name = Debug;
		};
		3AD7E3FC1C72961500502023 /* Release */ = {
			isa = XCBuildConfiguration;
			buildSettings = {
				ASSETCATALOG_COMPILER_APPICON_NAME = AppIcon;
				CODE_SIGN_IDENTITY = "iPhone Developer";
				DEVELOPMENT_TEAM = UJPCPV3425;
				FRAMEWORK_SEARCH_PATHS = (
					"$(inherited)",
					"$(PROJECT_DIR)/Metric",
					Time,
					"$(PROJECT_DIR)/Metric",
					Time,
					"$(PROJECT_DIR)",
				);
				INFOPLIST_FILE = "Metric Time/Info.plist";
				IPHONEOS_DEPLOYMENT_TARGET = 9.0;
				LD_RUNPATH_SEARCH_PATHS = "$(inherited) @executable_path/Frameworks";
				PRODUCT_BUNDLE_IDENTIFIER = "com.adriancedwards.Metric-Time";
				PRODUCT_NAME = "$(TARGET_NAME)";
				SWIFT_VERSION = 3.0;
			};
			name = Release;
		};
/* End XCBuildConfiguration section */

/* Begin XCConfigurationList section */
		3AD7E3CD1C72961500502023 /* Build configuration list for PBXProject "Metric Time" */ = {
			isa = XCConfigurationList;
			buildConfigurations = (
				3AD7E3F81C72961500502023 /* Debug */,
				3AD7E3F91C72961500502023 /* Release */,
			);
			defaultConfigurationIsVisible = 0;
			defaultConfigurationName = Release;
		};
		3AD7E3FA1C72961500502023 /* Build configuration list for PBXNativeTarget "Metric Time" */ = {
			isa = XCConfigurationList;
			buildConfigurations = (
				3AD7E3FB1C72961500502023 /* Debug */,
				3AD7E3FC1C72961500502023 /* Release */,
			);
			defaultConfigurationIsVisible = 0;
			defaultConfigurationName = Release;
		};
/* End XCConfigurationList section */
	};
	rootObject = 3AD7E3CA1C72961500502023 /* Project object */;
}
